{
  "name": "streetmerchant-api",
  "version": "0.0.1",
  "lockfileVersion": 1,
  "requires": true,
  "dependencies": {
    "@types/aws-lambda": {
      "version": "8.10.13",
      "resolved": "https://registry.npmjs.org/@types/aws-lambda/-/aws-lambda-8.10.13.tgz",
      "integrity": "sha512-a1sC60Bqll4N2RYnd4+XuynrVd8LO+uZrgwCVaAER0ldMQ00LRM4iTjU2ulPoQF6P5bHZK5hL/6IF9088VJhUA=="
    },
    "@types/body-parser": {
      "version": "1.19.0",
      "resolved": "https://registry.npmjs.org/@types/body-parser/-/body-parser-1.19.0.tgz",
      "integrity": "sha512-W98JrE0j2K78swW4ukqMleo8R7h/pFETjM2DQ90MF6XK2i4LO4W3gQ71Lt4w3bfm2EvVSyWHplECvB5sK22yFQ==",
      "requires": {
        "@types/connect": "*",
        "@types/node": "*"
      }
    },
    "@types/connect": {
      "version": "3.4.33",
      "resolved": "https://registry.npmjs.org/@types/connect/-/connect-3.4.33.tgz",
      "integrity": "sha512-2+FrkXY4zllzTNfJth7jOqEHC+enpLeGslEhpnTAkg21GkRrWV4SsAtqchtT4YS9/nODBU2/ZfsBY2X4J/dX7A==",
      "requires": {
        "@types/node": "*"
      }
    },
    "@types/cors": {
      "version": "2.8.8",
      "resolved": "https://registry.npmjs.org/@types/cors/-/cors-2.8.8.tgz",
      "integrity": "sha512-fO3gf3DxU2Trcbr75O7obVndW/X5k8rJNZkLXlQWStTHhP71PkRqjwPIEI0yMnJdg9R9OasjU+Bsr+Hr1xy/0w==",
      "requires": {
        "@types/express": "*"
      }
    },
    "@types/express": {
      "version": "4.17.8",
      "resolved": "https://registry.npmjs.org/@types/express/-/express-4.17.8.tgz",
      "integrity": "sha512-wLhcKh3PMlyA2cNAB9sjM1BntnhPMiM0JOBwPBqttjHev2428MLEB4AYVN+d8s2iyCVZac+o41Pflm/ZH5vLXQ==",
      "requires": {
        "@types/body-parser": "*",
        "@types/express-serve-static-core": "*",
        "@types/qs": "*",
        "@types/serve-static": "*"
      }
    },
    "@types/express-serve-static-core": {
      "version": "4.17.13",
      "resolved": "https://registry.npmjs.org/@types/express-serve-static-core/-/express-serve-static-core-4.17.13.tgz",
      "integrity": "sha512-RgDi5a4nuzam073lRGKTUIaL3eF2+H7LJvJ8eUnCI0wA6SNjXc44DCmWNiTLs/AZ7QlsFWZiw/gTG3nSQGL0fA==",
      "requires": {
        "@types/node": "*",
        "@types/qs": "*",
        "@types/range-parser": "*"
      }
    },
    "@types/graphql": {
      "version": "14.5.0",
      "resolved": "https://registry.npmjs.org/@types/graphql/-/graphql-14.5.0.tgz",
      "integrity": "sha512-MOkzsEp1Jk5bXuAsHsUi6BVv0zCO+7/2PTiZMXWDSsMXvNU6w/PLMQT2vHn8hy2i0JqojPz1Sz6rsFjHtsU0lA==",
      "requires": {
        "graphql": "*"
      }
    },
    "@types/graphql-deduplicator": {
      "version": "2.0.0",
      "resolved": "https://registry.npmjs.org/@types/graphql-deduplicator/-/graphql-deduplicator-2.0.0.tgz",
      "integrity": "sha512-swUwj5hWF1yFzbUXStLJrUa0ksAt11B8+SwhsAjQAX0LYJ1LLioAyuDcJ9bovWbsNzIXJYXLvljSPQw8nR728w=="
    },
    "@types/mime": {
      "version": "2.0.3",
      "resolved": "https://registry.npmjs.org/@types/mime/-/mime-2.0.3.tgz",
      "integrity": "sha512-Jus9s4CDbqwocc5pOAnh8ShfrnMcPHuJYzVcSUU7lrh8Ni5HuIqX3oilL86p3dlTrk0LzHRCgA/GQ7uNCw6l2Q=="
    },
    "@types/node": {
      "version": "14.14.6",
      "resolved": "https://registry.npmjs.org/@types/node/-/node-14.14.6.tgz",
      "integrity": "sha512-6QlRuqsQ/Ox/aJEQWBEJG7A9+u7oSYl3mem/K8IzxXG/kAGbV1YPD9Bg9Zw3vyxC/YP+zONKwy8hGkSt1jxFMw=="
    },
    "@types/qs": {
      "version": "6.9.5",
      "resolved": "https://registry.npmjs.org/@types/qs/-/qs-6.9.5.tgz",
      "integrity": "sha512-/JHkVHtx/REVG0VVToGRGH2+23hsYLHdyG+GrvoUGlGAd0ErauXDyvHtRI/7H7mzLm+tBCKA7pfcpkQ1lf58iQ=="
    },
    "@types/range-parser": {
      "version": "1.2.3",
      "resolved": "https://registry.npmjs.org/@types/range-parser/-/range-parser-1.2.3.tgz",
      "integrity": "sha512-ewFXqrQHlFsgc09MK5jP5iR7vumV/BYayNC6PgJO2LPe8vrnNFyjQjSppfEngITi0qvfKtzFvgKymGheFM9UOA=="
    },
    "@types/serve-static": {
      "version": "1.13.6",
      "resolved": "https://registry.npmjs.org/@types/serve-static/-/serve-static-1.13.6.tgz",
      "integrity": "sha512-nuRJmv7jW7VmCVTn+IgYDkkbbDGyIINOeu/G0d74X3lm6E5KfMeQPJhxIt1ayQeQB3cSxvYs1RA/wipYoFB4EA==",
      "requires": {
        "@types/mime": "*",
        "@types/node": "*"
      }
    },
    "@types/zen-observable": {
      "version": "0.5.4",
      "resolved": "https://registry.npmjs.org/@types/zen-observable/-/zen-observable-0.5.4.tgz",
      "integrity": "sha512-sW6xN96wUak4tgc89d0tbTg7QDGYhGv5hvQIS6h4mRCd8h2btiZ80loPU8cyLwsBbA4ZeQt0FjvUhJ4rNhdsGg=="
    },
    "@wry/equality": {
      "version": "0.1.11",
      "resolved": "https://registry.npmjs.org/@wry/equality/-/equality-0.1.11.tgz",
      "integrity": "sha512-mwEVBDUVODlsQQ5dfuLUS5/Tf7jqUKyhKYHmVi4fPB6bDMOfWvUPJmKgS1Z7Za/sOI3vzWt4+O7yCiL/70MogA==",
      "requires": {
        "tslib": "^1.9.3"
      }
    },
    "accepts": {
      "version": "1.3.7",
      "resolved": "https://registry.npmjs.org/accepts/-/accepts-1.3.7.tgz",
      "integrity": "sha512-Il80Qs2WjYlJIBNzNkK6KYqlVMTbZLXgHx2oT0pU/fjRHyEp+PEfEPY0R3WCwAGVOtauxh1hOxNgIf5bv7dQpA==",
      "requires": {
        "mime-types": "~2.1.24",
        "negotiator": "0.6.2"
      }
    },
    "apollo-cache-control": {
      "version": "0.1.1",
      "resolved": "https://registry.npmjs.org/apollo-cache-control/-/apollo-cache-control-0.1.1.tgz",
      "integrity": "sha512-XJQs167e9u+e5ybSi51nGYr70NPBbswdvTEHtbtXbwkZ+n9t0SLPvUcoqceayOSwjK1XYOdU/EKPawNdb3rLQA==",
      "requires": {
        "graphql-extensions": "^0.0.x"
      }
    },
    "apollo-link": {
      "version": "1.2.14",
      "resolved": "https://registry.npmjs.org/apollo-link/-/apollo-link-1.2.14.tgz",
      "integrity": "sha512-p67CMEFP7kOG1JZ0ZkYZwRDa369w5PIjtMjvrQd/HnIV8FRsHRqLqK+oAZQnFa1DDdZtOtHTi+aMIW6EatC2jg==",
      "requires": {
        "apollo-utilities": "^1.3.0",
        "ts-invariant": "^0.4.0",
        "tslib": "^1.9.3",
        "zen-observable-ts": "^0.8.21"
      }
    },
    "apollo-server-core": {
      "version": "1.4.0",
      "resolved": "https://registry.npmjs.org/apollo-server-core/-/apollo-server-core-1.4.0.tgz",
      "integrity": "sha512-BP1Vh39krgEjkQxbjTdBURUjLHbFq1zeOChDJgaRsMxGtlhzuLWwwC6lLdPatN8jEPbeHq8Tndp9QZ3iQZOKKA==",
      "requires": {
        "apollo-cache-control": "^0.1.0",
        "apollo-tracing": "^0.1.0",
        "graphql-extensions": "^0.0.x"
      }
    },
    "apollo-server-express": {
      "version": "1.4.0",
      "resolved": "https://registry.npmjs.org/apollo-server-express/-/apollo-server-express-1.4.0.tgz",
      "integrity": "sha512-zkH00nxhLnJfO0HgnNPBTfZw8qI5ILaPZ5TecMCI9+Y9Ssr2b0bFr9pBRsXy9eudPhI+/O4yqegSUsnLdF/CPw==",
      "requires": {
        "apollo-server-core": "^1.4.0",
        "apollo-server-module-graphiql": "^1.4.0"
      }
    },
    "apollo-server-lambda": {
      "version": "1.3.6",
      "resolved": "https://registry.npmjs.org/apollo-server-lambda/-/apollo-server-lambda-1.3.6.tgz",
      "integrity": "sha1-varDfxQ8Z5jkC4rnVYC6ZzzqJg4=",
      "requires": {
        "apollo-server-core": "^1.3.6",
        "apollo-server-module-graphiql": "^1.3.4"
      }
    },
    "apollo-server-module-graphiql": {
      "version": "1.4.0",
      "resolved": "https://registry.npmjs.org/apollo-server-module-graphiql/-/apollo-server-module-graphiql-1.4.0.tgz",
      "integrity": "sha512-GmkOcb5he2x5gat+TuiTvabnBf1m4jzdecal3XbXBh/Jg+kx4hcvO3TTDFQ9CuTprtzdcVyA11iqG7iOMOt7vA=="
    },
    "apollo-tracing": {
      "version": "0.1.4",
      "resolved": "https://registry.npmjs.org/apollo-tracing/-/apollo-tracing-0.1.4.tgz",
      "integrity": "sha512-Uv+1nh5AsNmC3m130i2u3IqbS+nrxyVV3KYimH5QKsdPjxxIQB3JAT+jJmpeDxBel8gDVstNmCh82QSLxLSIdQ==",
      "requires": {
        "graphql-extensions": "~0.0.9"
      }
    },
    "apollo-upload-server": {
      "version": "7.1.0",
      "resolved": "https://registry.npmjs.org/apollo-upload-server/-/apollo-upload-server-7.1.0.tgz",
      "integrity": "sha512-cD9ReCeyurYwZyEDqJYb5TOc9dt8yhPzS+MtrY3iJdqw+pqiiyPngAvVXHjN+Ca7Lajvom4/AT/PBrYVDMM3Kw==",
      "requires": {
        "busboy": "^0.2.14",
        "fs-capacitor": "^1.0.0",
        "http-errors": "^1.7.0",
        "object-path": "^0.11.4"
      }
    },
    "apollo-utilities": {
      "version": "1.3.4",
      "resolved": "https://registry.npmjs.org/apollo-utilities/-/apollo-utilities-1.3.4.tgz",
      "integrity": "sha512-pk2hiWrCXMAy2fRPwEyhvka+mqwzeP60Jr1tRYi5xru+3ko94HI9o6lK0CT33/w4RDlxWchmdhDCrvdr+pHCig==",
      "requires": {
        "@wry/equality": "^0.1.2",
        "fast-json-stable-stringify": "^2.0.0",
        "ts-invariant": "^0.4.0",
        "tslib": "^1.10.0"
      }
    },
    "array-flatten": {
      "version": "1.1.1",
      "resolved": "https://registry.npmjs.org/array-flatten/-/array-flatten-1.1.1.tgz",
      "integrity": "sha1-ml9pkFGx5wczKPKgCJaLZOopVdI="
    },
    "async-limiter": {
      "version": "1.0.1",
      "resolved": "https://registry.npmjs.org/async-limiter/-/async-limiter-1.0.1.tgz",
      "integrity": "sha512-csOlWGAcRFJaI6m+F2WKdnMKr4HhdhFVBk0H/QbJFMCr+uO2kwohwXQPxw/9OCxp05r5ghVBFSyioixx3gfkNQ=="
    },
    "backo2": {
      "version": "1.0.2",
      "resolved": "https://registry.npmjs.org/backo2/-/backo2-1.0.2.tgz",
      "integrity": "sha1-MasayLEpNjRj41s+u2n038+6eUc="
    },
    "body-parser": {
      "version": "1.19.0",
      "resolved": "https://registry.npmjs.org/body-parser/-/body-parser-1.19.0.tgz",
      "integrity": "sha512-dhEPs72UPbDnAQJ9ZKMNTP6ptJaionhP5cBb541nXPlW60Jepo9RV/a4fX4XWW9CuFNK22krhrj1+rgzifNCsw==",
      "requires": {
        "bytes": "3.1.0",
        "content-type": "~1.0.4",
        "debug": "2.6.9",
        "depd": "~1.1.2",
        "http-errors": "1.7.2",
        "iconv-lite": "0.4.24",
        "on-finished": "~2.3.0",
        "qs": "6.7.0",
        "raw-body": "2.4.0",
        "type-is": "~1.6.17"
      },
      "dependencies": {
        "http-errors": {
          "version": "1.7.2",
          "resolved": "https://registry.npmjs.org/http-errors/-/http-errors-1.7.2.tgz",
          "integrity": "sha512-uUQBt3H/cSIVfch6i1EuPNy/YsRSOUBXTVfZ+yR7Zjez3qjBz6i9+i4zjNaoqcoFVI4lQJ5plg63TvGfRSDCRg==",
          "requires": {
            "depd": "~1.1.2",
            "inherits": "2.0.3",
            "setprototypeof": "1.1.1",
            "statuses": ">= 1.5.0 < 2",
            "toidentifier": "1.0.0"
          }
        },
        "inherits": {
          "version": "2.0.3",
          "resolved": "https://registry.npmjs.org/inherits/-/inherits-2.0.3.tgz",
          "integrity": "sha1-Yzwsg+PaQqUC9SRmAiSA9CCCYd4="
        },
        "setprototypeof": {
          "version": "1.1.1",
          "resolved": "https://registry.npmjs.org/setprototypeof/-/setprototypeof-1.1.1.tgz",
          "integrity": "sha512-JvdAWfbXeIGaZ9cILp38HntZSFSo3mWg6xGcJJsd+d4aRMOqauag1C63dJfDw7OaMYwEbHMOxEZ1lqVRYP2OAw=="
        }
      }
    },
    "body-parser-graphql": {
      "version": "1.1.0",
      "resolved": "https://registry.npmjs.org/body-parser-graphql/-/body-parser-graphql-1.1.0.tgz",
      "integrity": "sha512-bOBF4n1AnUjcY1SzLeibeIx4XOuYqEkjn/Lm4yKhnN6KedoXMv4hVqgcKHGRnxOMJP64tErqrQU+4cihhpbJXg==",
      "requires": {
        "body-parser": "^1.18.2"
      }
    },
    "buffer-from": {
      "version": "1.1.1",
      "resolved": "https://registry.npmjs.org/buffer-from/-/buffer-from-1.1.1.tgz",
      "integrity": "sha512-MQcXEUbCKtEo7bhqEs6560Hyd4XaovZlO/k9V3hjVUF/zwW7KBVdSK4gIt/bzwS9MbR5qob+F5jusZsb0YQK2A=="
    },
    "busboy": {
      "version": "0.2.14",
      "resolved": "https://registry.npmjs.org/busboy/-/busboy-0.2.14.tgz",
      "integrity": "sha1-bCpiLvz0fFe7vh4qnDetNseSVFM=",
      "requires": {
        "dicer": "0.2.5",
        "readable-stream": "1.1.x"
      }
    },
    "bytes": {
      "version": "3.1.0",
      "resolved": "https://registry.npmjs.org/bytes/-/bytes-3.1.0.tgz",
      "integrity": "sha512-zauLjrfCG+xvoyaqLoV8bLVXXNGC4JqlxFCutSDWA6fJrTo2ZuvLYTqZ7aHBLZSMOopbzwv8f+wZcVzfVTI2Dg=="
    },
    "content-disposition": {
      "version": "0.5.3",
      "resolved": "https://registry.npmjs.org/content-disposition/-/content-disposition-0.5.3.tgz",
      "integrity": "sha512-ExO0774ikEObIAEV9kDo50o+79VCUdEB6n6lzKgGwupcVeRlhrj3qGAfwq8G6uBJjkqLrhT0qEYFcWng8z1z0g==",
      "requires": {
        "safe-buffer": "5.1.2"
      }
    },
    "content-type": {
      "version": "1.0.4",
      "resolved": "https://registry.npmjs.org/content-type/-/content-type-1.0.4.tgz",
      "integrity": "sha512-hIP3EEPs8tB9AT1L+NUqtwOAps4mk2Zob89MWXMHjHWg9milF/j4osnnQLXBCBFBk/tvIG/tUc9mOUJiPBhPXA=="
    },
    "cookie": {
      "version": "0.4.0",
      "resolved": "https://registry.npmjs.org/cookie/-/cookie-0.4.0.tgz",
      "integrity": "sha512-+Hp8fLp57wnUSt0tY0tHEXh4voZRDnoIrZPqlo3DPiI4y9lwg/jqx+1Om94/W6ZaPDOUbnjOt/99w66zk+l1Xg=="
    },
    "cookie-signature": {
      "version": "1.0.6",
      "resolved": "https://registry.npmjs.org/cookie-signature/-/cookie-signature-1.0.6.tgz",
      "integrity": "sha1-4wOogrNCzD7oylE6eZmXNNqzriw="
    },
    "core-js": {
      "version": "2.6.11",
      "resolved": "https://registry.npmjs.org/core-js/-/core-js-2.6.11.tgz",
      "integrity": "sha512-5wjnpaT/3dV+XB4borEsnAYQchn00XSgTAWKDkEqv+K8KevjbzmofK6hfJ9TZIlpj2N0xQpazy7PiRQiWHqzWg=="
    },
    "core-util-is": {
      "version": "1.0.2",
      "resolved": "https://registry.npmjs.org/core-util-is/-/core-util-is-1.0.2.tgz",
      "integrity": "sha1-tf1UIgqivFq1eqtxQMlAdUUDwac="
    },
    "cors": {
      "version": "2.8.5",
      "resolved": "https://registry.npmjs.org/cors/-/cors-2.8.5.tgz",
      "integrity": "sha512-KIHbLJqu73RGr/hnbrO9uBeixNGuvSQjul/jdFvS/KFSIH1hWVd1ng7zOHx+YrEfInLG7q4n6GHQ9cDtxv/P6g==",
      "requires": {
        "object-assign": "^4",
        "vary": "^1"
      }
    },
    "debug": {
      "version": "2.6.9",
      "resolved": "https://registry.npmjs.org/debug/-/debug-2.6.9.tgz",
      "integrity": "sha512-bC7ElrdJaJnPbAP+1EotYvqZsb3ecl5wi6Bfi6BJTUcNowp6cvspg0jXznRTKDjm/E7AdgFBVeAPVMNcKGsHMA==",
      "requires": {
        "ms": "2.0.0"
      }
    },
    "depd": {
      "version": "1.1.2",
      "resolved": "https://registry.npmjs.org/depd/-/depd-1.1.2.tgz",
      "integrity": "sha1-m81S4UwJd2PnSbJ0xDRu0uVgtak="
    },
    "deprecated-decorator": {
      "version": "0.1.6",
      "resolved": "https://registry.npmjs.org/deprecated-decorator/-/deprecated-decorator-0.1.6.tgz",
      "integrity": "sha1-AJZjF7ehL+kvPMgx91g68ym4bDc="
    },
    "destroy": {
      "version": "1.0.4",
      "resolved": "https://registry.npmjs.org/destroy/-/destroy-1.0.4.tgz",
      "integrity": "sha1-l4hXRCxEdJ5CBmE+N5RiBYJqvYA="
    },
    "dicer": {
      "version": "0.2.5",
      "resolved": "https://registry.npmjs.org/dicer/-/dicer-0.2.5.tgz",
      "integrity": "sha1-WZbAhrszIYyBLAkL3cCc0S+stw8=",
      "requires": {
        "readable-stream": "1.1.x",
        "streamsearch": "0.1.2"
      }
    },
    "ee-first": {
      "version": "1.1.1",
      "resolved": "https://registry.npmjs.org/ee-first/-/ee-first-1.1.1.tgz",
      "integrity": "sha1-WQxhFWsK4vTwJVcyoViyZrxWsh0="
    },
    "encodeurl": {
      "version": "1.0.2",
      "resolved": "https://registry.npmjs.org/encodeurl/-/encodeurl-1.0.2.tgz",
      "integrity": "sha1-rT/0yG7C0CkyL1oCw6mmBslbP1k="
    },
    "escape-html": {
      "version": "1.0.3",
      "resolved": "https://registry.npmjs.org/escape-html/-/escape-html-1.0.3.tgz",
      "integrity": "sha1-Aljq5NPQwJdN4cFpGI7wBR0dGYg="
    },
    "etag": {
      "version": "1.8.1",
      "resolved": "https://registry.npmjs.org/etag/-/etag-1.8.1.tgz",
      "integrity": "sha1-Qa4u62XvpiJorr/qg6x9eSmbCIc="
    },
    "eventemitter3": {
      "version": "3.1.2",
      "resolved": "https://registry.npmjs.org/eventemitter3/-/eventemitter3-3.1.2.tgz",
      "integrity": "sha512-tvtQIeLVHjDkJYnzf2dgVMxfuSGJeM/7UCG17TT4EumTfNtF+0nebF/4zWOIkCreAbtNqhGEboB6BWrwqNaw4Q=="
    },
    "express": {
      "version": "4.17.1",
      "resolved": "https://registry.npmjs.org/express/-/express-4.17.1.tgz",
      "integrity": "sha512-mHJ9O79RqluphRrcw2X/GTh3k9tVv8YcoyY4Kkh4WDMUYKRZUq0h1o0w2rrrxBqM7VoeUVqgb27xlEMXTnYt4g==",
      "requires": {
        "accepts": "~1.3.7",
        "array-flatten": "1.1.1",
        "body-parser": "1.19.0",
        "content-disposition": "0.5.3",
        "content-type": "~1.0.4",
        "cookie": "0.4.0",
        "cookie-signature": "1.0.6",
        "debug": "2.6.9",
        "depd": "~1.1.2",
        "encodeurl": "~1.0.2",
        "escape-html": "~1.0.3",
        "etag": "~1.8.1",
        "finalhandler": "~1.1.2",
        "fresh": "0.5.2",
        "merge-descriptors": "1.0.1",
        "methods": "~1.1.2",
        "on-finished": "~2.3.0",
        "parseurl": "~1.3.3",
        "path-to-regexp": "0.1.7",
        "proxy-addr": "~2.0.5",
        "qs": "6.7.0",
        "range-parser": "~1.2.1",
        "safe-buffer": "5.1.2",
        "send": "0.17.1",
        "serve-static": "1.14.1",
        "setprototypeof": "1.1.1",
        "statuses": "~1.5.0",
        "type-is": "~1.6.18",
        "utils-merge": "1.0.1",
        "vary": "~1.1.2"
      },
      "dependencies": {
        "setprototypeof": {
          "version": "1.1.1",
          "resolved": "https://registry.npmjs.org/setprototypeof/-/setprototypeof-1.1.1.tgz",
          "integrity": "sha512-JvdAWfbXeIGaZ9cILp38HntZSFSo3mWg6xGcJJsd+d4aRMOqauag1C63dJfDw7OaMYwEbHMOxEZ1lqVRYP2OAw=="
        }
      }
    },
    "fast-json-stable-stringify": {
      "version": "2.1.0",
      "resolved": "https://registry.npmjs.org/fast-json-stable-stringify/-/fast-json-stable-stringify-2.1.0.tgz",
      "integrity": "sha512-lhd/wF+Lk98HZoTCtlVraHtfh5XYijIjalXck7saUtuanSDyLMxnHhSXEDJqHxD7msR8D0uCmqlkwjCV8xvwHw=="
    },
    "finalhandler": {
      "version": "1.1.2",
      "resolved": "https://registry.npmjs.org/finalhandler/-/finalhandler-1.1.2.tgz",
      "integrity": "sha512-aAWcW57uxVNrQZqFXjITpW3sIUQmHGG3qSb9mUah9MgMC4NeWhNOlNjXEYq3HjRAvL6arUviZGGJsBg6z0zsWA==",
      "requires": {
        "debug": "2.6.9",
        "encodeurl": "~1.0.2",
        "escape-html": "~1.0.3",
        "on-finished": "~2.3.0",
        "parseurl": "~1.3.3",
        "statuses": "~1.5.0",
        "unpipe": "~1.0.0"
      }
    },
    "forwarded": {
      "version": "0.1.2",
      "resolved": "https://registry.npmjs.org/forwarded/-/forwarded-0.1.2.tgz",
      "integrity": "sha1-mMI9qxF1ZXuMBXPozszZGw/xjIQ="
    },
    "fresh": {
      "version": "0.5.2",
      "resolved": "https://registry.npmjs.org/fresh/-/fresh-0.5.2.tgz",
      "integrity": "sha1-PYyt2Q2XZWn6g1qx+OSyOhBWBac="
    },
    "fs-capacitor": {
      "version": "1.0.1",
      "resolved": "https://registry.npmjs.org/fs-capacitor/-/fs-capacitor-1.0.1.tgz",
      "integrity": "sha512-XdZK0Q78WP29Vm3FGgJRhRhrBm51PagovzWtW2kJ3Q6cYJbGtZqWSGTSPwvtEkyjIirFd7b8Yes/dpOYjt4RRQ=="
    },
    "graphql": {
      "version": "14.7.0",
      "resolved": "https://registry.npmjs.org/graphql/-/graphql-14.7.0.tgz",
      "integrity": "sha512-l0xWZpoPKpppFzMfvVyFmp9vLN7w/ZZJPefUicMCepfJeQ8sMcztloGYY9DfjVPo6tIUDzU5Hw3MUbIjj9AVVA==",
      "requires": {
        "iterall": "^1.2.2"
      }
    },
    "graphql-deduplicator": {
      "version": "2.0.6",
      "resolved": "https://registry.npmjs.org/graphql-deduplicator/-/graphql-deduplicator-2.0.6.tgz",
      "integrity": "sha512-sm9tNL+9qqIrKBb7Ovy8opUE+WKuK/r+hvcP49VL8Kop6slRJn7a5vW2wRNrMfZAZ5p9KHmJ3AkB/3j+Q6d+LA=="
    },
    "graphql-extensions": {
      "version": "0.0.10",
      "resolved": "https://registry.npmjs.org/graphql-extensions/-/graphql-extensions-0.0.10.tgz",
      "integrity": "sha512-TnQueqUDCYzOSrpQb3q1ngDSP2otJSF+9yNLrQGPzkMsvnQ+v6e2d5tl+B35D4y+XpmvVnAn4T3ZK28mkILveA==",
      "requires": {
        "core-js": "^2.5.3",
        "source-map-support": "^0.5.1"
      }
    },
    "graphql-import": {
      "version": "0.7.1",
      "resolved": "https://registry.npmjs.org/graphql-import/-/graphql-import-0.7.1.tgz",
      "integrity": "sha512-YpwpaPjRUVlw2SN3OPljpWbVRWAhMAyfSba5U47qGMOSsPLi2gYeJtngGpymjm9nk57RFWEpjqwh4+dpYuFAPw==",
      "requires": {
        "lodash": "^4.17.4",
        "resolve-from": "^4.0.0"
      }
    },
    "graphql-middleware": {
      "version": "4.0.1",
      "resolved": "https://registry.npmjs.org/graphql-middleware/-/graphql-middleware-4.0.1.tgz",
      "integrity": "sha512-r9r+pcHV4yZW7LAOcjQYTbNY6nR9SrLgpVZKbrtgXxpQW/MUc1N8q3PESciebvp5s0EEUgRchcRjUkyaArCIFw==",
      "requires": {
        "graphql-tools": "^4.0.5"
      }
    },
    "graphql-playground-html": {
      "version": "1.6.12",
      "resolved": "https://registry.npmjs.org/graphql-playground-html/-/graphql-playground-html-1.6.12.tgz",
      "integrity": "sha512-yOYFwwSMBL0MwufeL8bkrNDgRE7eF/kTHiwrqn9FiR9KLcNIl1xw9l9a+6yIRZM56JReQOHpbQFXTZn1IuSKRg=="
    },
    "graphql-playground-middleware-express": {
      "version": "1.7.11",
      "resolved": "https://registry.npmjs.org/graphql-playground-middleware-express/-/graphql-playground-middleware-express-1.7.11.tgz",
      "integrity": "sha512-sKItB4s3FxqlwCgXdMfwRAfssSoo31bcFsGAAg/HzaZLicY6CDlofKXP8G5iPDerB6NaoAcAaBLutLzl9sd4fQ==",
      "requires": {
        "graphql-playground-html": "1.6.12"
      }
    },
    "graphql-playground-middleware-lambda": {
      "version": "1.7.12",
      "resolved": "https://registry.npmjs.org/graphql-playground-middleware-lambda/-/graphql-playground-middleware-lambda-1.7.12.tgz",
      "integrity": "sha512-fJ1Y0Ck5ctmfaQFoWv7vNnVP7We19P3miVmOT85YPrjpzbMYv0wPfxm4Zjt8nnqXr0KU9nGW53tz3K7/Lvzxtw==",
      "requires": {
        "graphql-playground-html": "1.6.12"
      }
    },
    "graphql-subscriptions": {
      "version": "0.5.8",
      "resolved": "https://registry.npmjs.org/graphql-subscriptions/-/graphql-subscriptions-0.5.8.tgz",
      "integrity": "sha512-0CaZnXKBw2pwnIbvmVckby5Ge5e2ecmjofhYCdyeACbCly2j3WXDP/pl+s+Dqd2GQFC7y99NB+53jrt55CKxYQ==",
      "requires": {
        "iterall": "^1.2.1"
      }
    },
    "graphql-tools": {
      "version": "4.0.8",
      "resolved": "https://registry.npmjs.org/graphql-tools/-/graphql-tools-4.0.8.tgz",
      "integrity": "sha512-MW+ioleBrwhRjalKjYaLQbr+920pHBgy9vM/n47sswtns8+96sRn5M/G+J1eu7IMeKWiN/9p6tmwCHU7552VJg==",
      "requires": {
        "apollo-link": "^1.2.14",
        "apollo-utilities": "^1.0.1",
        "deprecated-decorator": "^0.1.6",
        "iterall": "^1.1.3",
        "uuid": "^3.1.0"
      }
    },
    "graphql-upload": {
      "version": "8.1.0",
      "resolved": "https://registry.npmjs.org/graphql-upload/-/graphql-upload-8.1.0.tgz",
      "integrity": "sha512-U2OiDI5VxYmzRKw0Z2dmfk0zkqMRaecH9Smh1U277gVgVe9Qn+18xqf4skwr4YJszGIh7iQDZ57+5ygOK9sM/Q==",
      "requires": {
        "busboy": "^0.3.1",
        "fs-capacitor": "^2.0.4",
        "http-errors": "^1.7.3",
        "object-path": "^0.11.4"
      },
      "dependencies": {
        "busboy": {
          "version": "0.3.1",
          "resolved": "https://registry.npmjs.org/busboy/-/busboy-0.3.1.tgz",
          "integrity": "sha512-y7tTxhGKXcyBxRKAni+awqx8uqaJKrSFSNFSeRG5CsWNdmy2BIK+6VGWEW7TZnIO/533mtMEA4rOevQV815YJw==",
          "requires": {
            "dicer": "0.3.0"
          }
        },
        "dicer": {
          "version": "0.3.0",
          "resolved": "https://registry.npmjs.org/dicer/-/dicer-0.3.0.tgz",
          "integrity": "sha512-MdceRRWqltEG2dZqO769g27N/3PXfcKl04VhYnBlo2YhH7zPi88VebsjTKclaOyiuMaGU72hTfw3VkUitGcVCA==",
          "requires": {
            "streamsearch": "0.1.2"
          }
        },
        "fs-capacitor": {
          "version": "2.0.4",
          "resolved": "https://registry.npmjs.org/fs-capacitor/-/fs-capacitor-2.0.4.tgz",
          "integrity": "sha512-8S4f4WsCryNw2mJJchi46YgB6CR5Ze+4L1h8ewl9tEpL4SJ3ZO+c/bS4BWhB8bK+O3TMqhuZarTitd0S0eh2pA=="
        }
      }
    },
    "graphql-yoga": {
      "version": "1.18.3",
      "resolved": "https://registry.npmjs.org/graphql-yoga/-/graphql-yoga-1.18.3.tgz",
      "integrity": "sha512-tR6JYbwLSBVu0Z8M7BIyt1PHhhexmRwneYM8Ru/g2pixrtsWbelBFAXU7bDPhXrqZ49Zxt2zLJ60x3bLNGo/bQ==",
      "requires": {
        "@types/aws-lambda": "8.10.13",
        "@types/cors": "^2.8.4",
        "@types/express": "^4.11.1",
        "@types/graphql": "^14.0.0",
        "@types/graphql-deduplicator": "^2.0.0",
        "@types/zen-observable": "^0.5.3",
        "apollo-server-express": "^1.3.6",
        "apollo-server-lambda": "1.3.6",
        "apollo-upload-server": "^7.0.0",
        "body-parser-graphql": "1.1.0",
        "cors": "^2.8.4",
        "express": "^4.16.3",
        "graphql": "^0.11.0 || ^0.12.0 || ^0.13.0 || ^14.0.0",
        "graphql-deduplicator": "^2.0.1",
        "graphql-import": "^0.7.0",
        "graphql-middleware": "4.0.1",
        "graphql-playground-middleware-express": "1.7.11",
        "graphql-playground-middleware-lambda": "1.7.12",
        "graphql-subscriptions": "^0.5.8",
        "graphql-tools": "^4.0.0",
        "graphql-upload": "^8.0.0",
        "subscriptions-transport-ws": "^0.9.8"
      }
    },
    "http-errors": {
      "version": "1.8.0",
      "resolved": "https://registry.npmjs.org/http-errors/-/http-errors-1.8.0.tgz",
      "integrity": "sha512-4I8r0C5JDhT5VkvI47QktDW75rNlGVsUf/8hzjCC/wkWI/jdTRmBb9aI7erSG82r1bjKY3F6k28WnsVxB1C73A==",
      "requires": {
        "depd": "~1.1.2",
        "inherits": "2.0.4",
        "setprototypeof": "1.2.0",
        "statuses": ">= 1.5.0 < 2",
        "toidentifier": "1.0.0"
      }
    },
    "iconv-lite": {
      "version": "0.4.24",
      "resolved": "https://registry.npmjs.org/iconv-lite/-/iconv-lite-0.4.24.tgz",
      "integrity": "sha512-v3MXnZAcvnywkTUEZomIActle7RXXeedOR31wwl7VlyoXO4Qi9arvSenNQWne1TcRwhCL1HwLI21bEqdpj8/rA==",
      "requires": {
        "safer-buffer": ">= 2.1.2 < 3"
      }
    },
    "inherits": {
      "version": "2.0.4",
      "resolved": "https://registry.npmjs.org/inherits/-/inherits-2.0.4.tgz",
      "integrity": "sha512-k/vGaX4/Yla3WzyMCvTQOXYeIHvqOKtnqBduzTHpzpQZzAskKMhZ2K+EnBiSM9zGSoIFeMpXKxa4dYeZIQqewQ=="
    },
    "ipaddr.js": {
      "version": "1.9.1",
      "resolved": "https://registry.npmjs.org/ipaddr.js/-/ipaddr.js-1.9.1.tgz",
      "integrity": "sha512-0KI/607xoxSToH7GjN1FfSbLoU0+btTicjsQSWQlh/hZykN8KpmMf7uYwPW3R+akZ6R/w18ZlXSHBYXiYUPO3g=="
    },
    "isarray": {
      "version": "0.0.1",
      "resolved": "https://registry.npmjs.org/isarray/-/isarray-0.0.1.tgz",
      "integrity": "sha1-ihis/Kmo9Bd+Cav8YDiTmwXR7t8="
    },
    "iterall": {
      "version": "1.3.0",
      "resolved": "https://registry.npmjs.org/iterall/-/iterall-1.3.0.tgz",
      "integrity": "sha512-QZ9qOMdF+QLHxy1QIpUHUU1D5pS2CG2P69LF6L6CPjPYA/XMOmKV3PZpawHoAjHNyB0swdVTRxdYT4tbBbxqwg=="
    },
    "lodash": {
      "version": "4.17.20",
      "resolved": "https://registry.npmjs.org/lodash/-/lodash-4.17.20.tgz",
      "integrity": "sha512-PlhdFcillOINfeV7Ni6oF1TAEayyZBoZ8bcshTHqOYJYlrqzRK5hagpagky5o4HfCzzd1TRkXPMFq6cKk9rGmA=="
    },
    "media-typer": {
      "version": "0.3.0",
      "resolved": "https://registry.npmjs.org/media-typer/-/media-typer-0.3.0.tgz",
      "integrity": "sha1-hxDXrwqmJvj/+hzgAWhUUmMlV0g="
    },
    "merge-descriptors": {
      "version": "1.0.1",
      "resolved": "https://registry.npmjs.org/merge-descriptors/-/merge-descriptors-1.0.1.tgz",
      "integrity": "sha1-sAqqVW3YtEVoFQ7J0blT8/kMu2E="
    },
    "methods": {
      "version": "1.1.2",
      "resolved": "https://registry.npmjs.org/methods/-/methods-1.1.2.tgz",
      "integrity": "sha1-VSmk1nZUE07cxSZmVoNbD4Ua/O4="
    },
    "mime": {
      "version": "1.6.0",
      "resolved": "https://registry.npmjs.org/mime/-/mime-1.6.0.tgz",
      "integrity": "sha512-x0Vn8spI+wuJ1O6S7gnbaQg8Pxh4NNHb7KSINmEWKiPE4RKOplvijn+NkmYmmRgP68mc70j2EbeTFRsrswaQeg=="
    },
    "mime-db": {
      "version": "1.44.0",
      "resolved": "https://registry.npmjs.org/mime-db/-/mime-db-1.44.0.tgz",
      "integrity": "sha512-/NOTfLrsPBVeH7YtFPgsVWveuL+4SjjYxaQ1xtM1KMFj7HdxlBlxeyNLzhyJVx7r4rZGJAZ/6lkKCitSc/Nmpg=="
    },
    "mime-types": {
      "version": "2.1.27",
      "resolved": "https://registry.npmjs.org/mime-types/-/mime-types-2.1.27.tgz",
      "integrity": "sha512-JIhqnCasI9yD+SsmkquHBxTSEuZdQX5BuQnS2Vc7puQQQ+8yiP5AY5uWhpdv4YL4VM5c6iliiYWPgJ/nJQLp7w==",
      "requires": {
        "mime-db": "1.44.0"
      }
    },
    "ms": {
      "version": "2.0.0",
      "resolved": "https://registry.npmjs.org/ms/-/ms-2.0.0.tgz",
      "integrity": "sha1-VgiurfwAvmwpAd9fmGF4jeDVl8g="
    },
    "negotiator": {
      "version": "0.6.2",
      "resolved": "https://registry.npmjs.org/negotiator/-/negotiator-0.6.2.tgz",
      "integrity": "sha512-hZXc7K2e+PgeI1eDBe/10Ard4ekbfrrqG8Ep+8Jmf4JID2bNg7NvCPOZN+kfF574pFQI7mum2AUqDidoKqcTOw=="
    },
    "object-assign": {
      "version": "4.1.1",
      "resolved": "https://registry.npmjs.org/object-assign/-/object-assign-4.1.1.tgz",
      "integrity": "sha1-IQmtx5ZYh8/AXLvUQsrIv7s2CGM="
    },
    "object-path": {
      "version": "0.11.5",
      "resolved": "https://registry.npmjs.org/object-path/-/object-path-0.11.5.tgz",
      "integrity": "sha512-jgSbThcoR/s+XumvGMTMf81QVBmah+/Q7K7YduKeKVWL7N111unR2d6pZZarSk6kY/caeNxUDyxOvMWyzoU2eg=="
    },
    "on-finished": {
      "version": "2.3.0",
      "resolved": "https://registry.npmjs.org/on-finished/-/on-finished-2.3.0.tgz",
      "integrity": "sha1-IPEzZIGwg811M3mSoWlxqi2QaUc=",
      "requires": {
        "ee-first": "1.1.1"
      }
    },
    "parseurl": {
      "version": "1.3.3",
      "resolved": "https://registry.npmjs.org/parseurl/-/parseurl-1.3.3.tgz",
      "integrity": "sha512-CiyeOxFT/JZyN5m0z9PfXw4SCBJ6Sygz1Dpl0wqjlhDEGGBP1GnsUVEL0p63hoG1fcj3fHynXi9NYO4nWOL+qQ=="
    },
    "path-to-regexp": {
      "version": "0.1.7",
      "resolved": "https://registry.npmjs.org/path-to-regexp/-/path-to-regexp-0.1.7.tgz",
      "integrity": "sha1-32BBeABfUi8V60SQ5yR6G/qmf4w="
    },
    "proxy-addr": {
      "version": "2.0.6",
      "resolved": "https://registry.npmjs.org/proxy-addr/-/proxy-addr-2.0.6.tgz",
      "integrity": "sha512-dh/frvCBVmSsDYzw6n926jv974gddhkFPfiN8hPOi30Wax25QZyZEGveluCgliBnqmuM+UJmBErbAUFIoDbjOw==",
      "requires": {
        "forwarded": "~0.1.2",
        "ipaddr.js": "1.9.1"
      }
    },
    "qs": {
      "version": "6.7.0",
      "resolved": "https://registry.npmjs.org/qs/-/qs-6.7.0.tgz",
      "integrity": "sha512-VCdBRNFTX1fyE7Nb6FYoURo/SPe62QCaAyzJvUjwRaIsc+NePBEniHlvxFmmX56+HZphIGtV0XeCirBtpDrTyQ=="
    },
    "range-parser": {
      "version": "1.2.1",
      "resolved": "https://registry.npmjs.org/range-parser/-/range-parser-1.2.1.tgz",
      "integrity": "sha512-Hrgsx+orqoygnmhFbKaHE6c296J+HTAQXoxEF6gNupROmmGJRoyzfG3ccAveqCBrwr/2yxQ5BVd/GTl5agOwSg=="
    },
    "raw-body": {
      "version": "2.4.0",
      "resolved": "https://registry.npmjs.org/raw-body/-/raw-body-2.4.0.tgz",
      "integrity": "sha512-4Oz8DUIwdvoa5qMJelxipzi/iJIi40O5cGV1wNYp5hvZP8ZN0T+jiNkL0QepXs+EsQ9XJ8ipEDoiH70ySUJP3Q==",
      "requires": {
        "bytes": "3.1.0",
        "http-errors": "1.7.2",
        "iconv-lite": "0.4.24",
        "unpipe": "1.0.0"
      },
      "dependencies": {
        "http-errors": {
          "version": "1.7.2",
          "resolved": "https://registry.npmjs.org/http-errors/-/http-errors-1.7.2.tgz",
          "integrity": "sha512-uUQBt3H/cSIVfch6i1EuPNy/YsRSOUBXTVfZ+yR7Zjez3qjBz6i9+i4zjNaoqcoFVI4lQJ5plg63TvGfRSDCRg==",
          "requires": {
            "depd": "~1.1.2",
            "inherits": "2.0.3",
            "setprototypeof": "1.1.1",
            "statuses": ">= 1.5.0 < 2",
            "toidentifier": "1.0.0"
          }
        },
        "inherits": {
          "version": "2.0.3",
          "resolved": "https://registry.npmjs.org/inherits/-/inherits-2.0.3.tgz",
          "integrity": "sha1-Yzwsg+PaQqUC9SRmAiSA9CCCYd4="
        },
        "setprototypeof": {
          "version": "1.1.1",
          "resolved": "https://registry.npmjs.org/setprototypeof/-/setprototypeof-1.1.1.tgz",
          "integrity": "sha512-JvdAWfbXeIGaZ9cILp38HntZSFSo3mWg6xGcJJsd+d4aRMOqauag1C63dJfDw7OaMYwEbHMOxEZ1lqVRYP2OAw=="
        }
      }
    },
    "readable-stream": {
      "version": "1.1.14",
      "resolved": "https://registry.npmjs.org/readable-stream/-/readable-stream-1.1.14.tgz",
      "integrity": "sha1-fPTFTvZI44EwhMY23SB54WbAgdk=",
      "requires": {
        "core-util-is": "~1.0.0",
        "inherits": "~2.0.1",
        "isarray": "0.0.1",
        "string_decoder": "~0.10.x"
      }
    },
    "resolve-from": {
      "version": "4.0.0",
      "resolved": "https://registry.npmjs.org/resolve-from/-/resolve-from-4.0.0.tgz",
      "integrity": "sha512-pb/MYmXstAkysRFx8piNI1tGFNQIFA3vkE3Gq4EuA1dF6gHp/+vgZqsCGJapvy8N3Q+4o7FwvquPJcnZ7RYy4g=="
    },
    "safe-buffer": {
      "version": "5.1.2",
      "resolved": "https://registry.npmjs.org/safe-buffer/-/safe-buffer-5.1.2.tgz",
      "integrity": "sha512-Gd2UZBJDkXlY7GbJxfsE8/nvKkUEU1G38c1siN6QP6a9PT9MmHB8GnpscSmMJSoF8LOIrt8ud/wPtojys4G6+g=="
    },
    "safer-buffer": {
      "version": "2.1.2",
      "resolved": "https://registry.npmjs.org/safer-buffer/-/safer-buffer-2.1.2.tgz",
      "integrity": "sha512-YZo3K82SD7Riyi0E1EQPojLz7kpepnSQI9IyPbHHg1XXXevb5dJI7tpyN2ADxGcQbHG7vcyRHk0cbwqcQriUtg=="
    },
    "send": {
      "version": "0.17.1",
      "resolved": "https://registry.npmjs.org/send/-/send-0.17.1.tgz",
      "integrity": "sha512-BsVKsiGcQMFwT8UxypobUKyv7irCNRHk1T0G680vk88yf6LBByGcZJOTJCrTP2xVN6yI+XjPJcNuE3V4fT9sAg==",
      "requires": {
        "debug": "2.6.9",
        "depd": "~1.1.2",
        "destroy": "~1.0.4",
        "encodeurl": "~1.0.2",
        "escape-html": "~1.0.3",
        "etag": "~1.8.1",
        "fresh": "0.5.2",
        "http-errors": "~1.7.2",
        "mime": "1.6.0",
        "ms": "2.1.1",
        "on-finished": "~2.3.0",
        "range-parser": "~1.2.1",
        "statuses": "~1.5.0"
      },
      "dependencies": {
        "http-errors": {
          "version": "1.7.3",
          "resolved": "https://registry.npmjs.org/http-errors/-/http-errors-1.7.3.tgz",
          "integrity": "sha512-ZTTX0MWrsQ2ZAhA1cejAwDLycFsd7I7nVtnkT3Ol0aqodaKW+0CTZDQ1uBv5whptCnc8e8HeRRJxRs0kmm/Qfw==",
          "requires": {
            "depd": "~1.1.2",
            "inherits": "2.0.4",
            "setprototypeof": "1.1.1",
            "statuses": ">= 1.5.0 < 2",
            "toidentifier": "1.0.0"
          }
        },
        "ms": {
          "version": "2.1.1",
          "resolved": "https://registry.npmjs.org/ms/-/ms-2.1.1.tgz",
          "integrity": "sha512-tgp+dl5cGk28utYktBsrFqA7HKgrhgPsg6Z/EfhWI4gl1Hwq8B/GmY/0oXZ6nF8hDVesS/FpnYaD/kOWhYQvyg=="
        },
        "setprototypeof": {
          "version": "1.1.1",
          "resolved": "https://registry.npmjs.org/setprototypeof/-/setprototypeof-1.1.1.tgz",
          "integrity": "sha512-JvdAWfbXeIGaZ9cILp38HntZSFSo3mWg6xGcJJsd+d4aRMOqauag1C63dJfDw7OaMYwEbHMOxEZ1lqVRYP2OAw=="
        }
      }
    },
    "serve-static": {
      "version": "1.14.1",
      "resolved": "https://registry.npmjs.org/serve-static/-/serve-static-1.14.1.tgz",
      "integrity": "sha512-JMrvUwE54emCYWlTI+hGrGv5I8dEwmco/00EvkzIIsR7MqrHonbD9pO2MOfFnpFntl7ecpZs+3mW+XbQZu9QCg==",
      "requires": {
        "encodeurl": "~1.0.2",
        "escape-html": "~1.0.3",
        "parseurl": "~1.3.3",
        "send": "0.17.1"
      }
    },
    "setprototypeof": {
      "version": "1.2.0",
      "resolved": "https://registry.npmjs.org/setprototypeof/-/setprototypeof-1.2.0.tgz",
      "integrity": "sha512-E5LDX7Wrp85Kil5bhZv46j8jOeboKq5JMmYM3gVGdGH8xFpPWXUMsNrlODCrkoxMEeNi/XZIwuRvY4XNwYMJpw=="
    },
    "source-map": {
      "version": "0.6.1",
      "resolved": "https://registry.npmjs.org/source-map/-/source-map-0.6.1.tgz",
      "integrity": "sha512-UjgapumWlbMhkBgzT7Ykc5YXUT46F0iKu8SGXq0bcwP5dz/h0Plj6enJqjz1Zbq2l5WaqYnrVbwWOWMyF3F47g=="
    },
    "source-map-support": {
      "version": "0.5.19",
      "resolved": "https://registry.npmjs.org/source-map-support/-/source-map-support-0.5.19.tgz",
      "integrity": "sha512-Wonm7zOCIJzBGQdB+thsPar0kYuCIzYvxZwlBa87yi/Mdjv7Tip2cyVbLj5o0cFPN4EVkuTwb3GDDyUx2DGnGw==",
      "requires": {
        "buffer-from": "^1.0.0",
        "source-map": "^0.6.0"
      }
    },
    "statuses": {
      "version": "1.5.0",
      "resolved": "https://registry.npmjs.org/statuses/-/statuses-1.5.0.tgz",
      "integrity": "sha1-Fhx9rBd2Wf2YEfQ3cfqZOBR4Yow="
    },
    "streamsearch": {
      "version": "0.1.2",
      "resolved": "https://registry.npmjs.org/streamsearch/-/streamsearch-0.1.2.tgz",
      "integrity": "sha1-gIudDlb8Jz2Am6VzOOkpkZoanxo="
    },
    "string_decoder": {
      "version": "0.10.31",
      "resolved": "https://registry.npmjs.org/string_decoder/-/string_decoder-0.10.31.tgz",
      "integrity": "sha1-YuIDvEF2bGwoyfyEMB2rHFMQ+pQ="
    },
    "subscriptions-transport-ws": {
      "version": "0.9.18",
      "resolved": "https://registry.npmjs.org/subscriptions-transport-ws/-/subscriptions-transport-ws-0.9.18.tgz",
      "integrity": "sha512-tztzcBTNoEbuErsVQpTN2xUNN/efAZXyCyL5m3x4t6SKrEiTL2N8SaKWBFWM4u56pL79ULif3zjyeq+oV+nOaA==",
      "requires": {
        "backo2": "^1.0.2",
        "eventemitter3": "^3.1.0",
        "iterall": "^1.2.1",
        "symbol-observable": "^1.0.4",
        "ws": "^5.2.0"
      }
    },
    "symbol-observable": {
      "version": "1.2.0",
      "resolved": "https://registry.npmjs.org/symbol-observable/-/symbol-observable-1.2.0.tgz",
      "integrity": "sha512-e900nM8RRtGhlV36KGEU9k65K3mPb1WV70OdjfxlG2EAuM1noi/E/BaW/uMhL7bPEssK8QV57vN3esixjUvcXQ=="
    },
    "toidentifier": {
      "version": "1.0.0",
      "resolved": "https://registry.npmjs.org/toidentifier/-/toidentifier-1.0.0.tgz",
      "integrity": "sha512-yaOH/Pk/VEhBWWTlhI+qXxDFXlejDGcQipMlyxda9nthulaxLZUNcUqFxokp0vcYnvteJln5FNQDRrxj3YcbVw=="
    },
    "ts-invariant": {
      "version": "0.4.4",
      "resolved": "https://registry.npmjs.org/ts-invariant/-/ts-invariant-0.4.4.tgz",
      "integrity": "sha512-uEtWkFM/sdZvRNNDL3Ehu4WVpwaulhwQszV8mrtcdeE8nN00BV9mAmQ88RkrBhFgl9gMgvjJLAQcZbnPXI9mlA==",
      "requires": {
        "tslib": "^1.9.3"
      }
    },
    "tslib": {
      "version": "1.14.1",
      "resolved": "https://registry.npmjs.org/tslib/-/tslib-1.14.1.tgz",
      "integrity": "sha512-Xni35NKzjgMrwevysHTCArtLDpPvye8zV/0E4EyYn43P7/7qvQwPh9BGkHewbMulVntbigmcT7rdX3BNo9wRJg=="
    },
    "type-is": {
      "version": "1.6.18",
      "resolved": "https://registry.npmjs.org/type-is/-/type-is-1.6.18.tgz",
      "integrity": "sha512-TkRKr9sUTxEH8MdfuCSP7VizJyzRNMjj2J2do2Jr3Kym598JVdEksuzPQCnlFPW4ky9Q+iA+ma9BGm06XQBy8g==",
      "requires": {
        "media-typer": "0.3.0",
        "mime-types": "~2.1.24"
      }
    },
    "unpipe": {
      "version": "1.0.0",
      "resolved": "https://registry.npmjs.org/unpipe/-/unpipe-1.0.0.tgz",
      "integrity": "sha1-sr9O6FFKrmFltIF4KdIbLvSZBOw="
    },
    "utils-merge": {
      "version": "1.0.1",
      "resolved": "https://registry.npmjs.org/utils-merge/-/utils-merge-1.0.1.tgz",
      "integrity": "sha1-n5VxD1CiZ5R7LMwSR0HBAoQn5xM="
    },
    "uuid": {
      "version": "3.4.0",
      "resolved": "https://registry.npmjs.org/uuid/-/uuid-3.4.0.tgz",
      "integrity": "sha512-HjSDRw6gZE5JMggctHBcjVak08+KEVhSIiDzFnT9S9aegmp85S/bReBVTb4QTFaRNptJ9kuYaNhnbNEOkbKb/A=="
    },
    "vary": {
      "version": "1.1.2",
      "resolved": "https://registry.npmjs.org/vary/-/vary-1.1.2.tgz",
      "integrity": "sha1-IpnwLG3tMNSllhsLn3RSShj2NPw="
    },
    "ws": {
      "version": "5.2.2",
      "resolved": "https://registry.npmjs.org/ws/-/ws-5.2.2.tgz",
      "integrity": "sha512-jaHFD6PFv6UgoIVda6qZllptQsMlDEJkTQcybzzXDYM1XO9Y8em691FGMPmM46WGyLU4z9KMgQN+qrux/nhlHA==",
      "requires": {
        "async-limiter": "~1.0.0"
      }
    },
    "zen-observable": {
      "version": "0.8.15",
      "resolved": "https://registry.npmjs.org/zen-observable/-/zen-observable-0.8.15.tgz",
      "integrity": "sha512-PQ2PC7R9rslx84ndNBZB/Dkv8V8fZEpk83RLgXtYd0fwUgEjseMn1Dgajh2x6S8QbZAFa9p2qVCEuYZNgve0dQ=="
    },
    "zen-observable-ts": {
      "version": "0.8.21",
      "resolved": "https://registry.npmjs.org/zen-observable-ts/-/zen-observable-ts-0.8.21.tgz",
      "integrity": "sha512-Yj3yXweRc8LdRMrCC8nIc4kkjWecPAUVh0TI0OUrWXx6aX790vLcDlWca6I4vsyCGH3LpWxq0dJRcMOFoVqmeg==",
      "requires": {
        "tslib": "^1.9.3",
        "zen-observable": "^0.8.0"
      }
    }
  }
}
